// !$*UTF8*$!
{
	archiveVersion = 1;
	classes = {
	};
	objectVersion = 46;
	objects = {

/* Begin PBXBuildFile section */
		637133771EF1580500C342F2 /* main.m in Sources */ = {isa = PBXBuildFile; fileRef = 637133761EF1580500C342F2 /* main.m */; };
		6371337A1EF1580500C342F2 /* AppDelegate.m in Sources */ = {isa = PBXBuildFile; fileRef = 637133791EF1580500C342F2 /* AppDelegate.m */; };
		6371337D1EF1580500C342F2 /* ViewController.m in Sources */ = {isa = PBXBuildFile; fileRef = 6371337C1EF1580500C342F2 /* ViewController.m */; };
		637133801EF1580500C342F2 /* Main.storyboard in Resources */ = {isa = PBXBuildFile; fileRef = 6371337E1EF1580500C342F2 /* Main.storyboard */; };
		637133821EF1580500C342F2 /* Assets.xcassets in Resources */ = {isa = PBXBuildFile; fileRef = 637133811EF1580500C342F2 /* Assets.xcassets */; };
		637133851EF1580500C342F2 /* LaunchScreen.storyboard in Resources */ = {isa = PBXBuildFile; fileRef = 637133831EF1580500C342F2 /* LaunchScreen.storyboard */; };
		637133901EF1580500C342F2 /* TestRunLoopTests.m in Sources */ = {isa = PBXBuildFile; fileRef = 6371338F1EF1580500C342F2 /* TestRunLoopTests.m */; };
		6371339B1EF1580500C342F2 /* TestRunLoopUITests.m in Sources */ = {isa = PBXBuildFile; fileRef = 6371339A1EF1580500C342F2 /* TestRunLoopUITests.m */; };
		DFED51EE0A56A68A2E46DD3F /* libPods-TestRunLoop.a in Frameworks */ = {isa = PBXBuildFile; fileRef = CF77DC910B9A8C2053CB5D98 /* libPods-TestRunLoop.a */; };
/* End PBXBuildFile section */

/* Begin PBXContainerItemProxy section */
		6371338C1EF1580500C342F2 /* PBXContainerItemProxy */ = {
			isa = PBXContainerItemProxy;
			containerPortal = 6371336A1EF1580500C342F2 /* Project object */;
			proxyType = 1;
			remoteGlobalIDString = 637133711EF1580500C342F2;
			remoteInfo = TestRunLoop;
		};
		637133971EF1580500C342F2 /* PBXContainerItemProxy */ = {
			isa = PBXContainerItemProxy;
			containerPortal = 6371336A1EF1580500C342F2 /* Project object */;
			proxyType = 1;
			remoteGlobalIDString = 637133711EF1580500C342F2;
			remoteInfo = TestRunLoop;
		};
/* End PBXContainerItemProxy section */

/* Begin PBXFileReference section */
		3B697903728806AA376922D7 /* Pods-TestRunLoop.debug.xcconfig */ = {isa = PBXFileReference; includeInIndex = 1; lastKnownFileType = text.xcconfig; name = "Pods-TestRunLoop.debug.xcconfig"; path = "Pods/Target Support Files/Pods-TestRunLoop/Pods-TestRunLoop.debug.xcconfig"; sourceTree = "<group>"; };
		637133721EF1580500C342F2 /* TestRunLoop.app */ = {isa = PBXFileReference; explicitFileType = wrapper.application; includeInIndex = 0; path = TestRunLoop.app; sourceTree = BUILT_PRODUCTS_DIR; };
		637133761EF1580500C342F2 /* main.m */ = {isa = PBXFileReference; lastKnownFileType = sourcecode.c.objc; path = main.m; sourceTree = "<group>"; };
		637133781EF1580500C342F2 /* AppDelegate.h */ = {isa = PBXFileReference; lastKnownFileType = sourcecode.c.h; path = AppDelegate.h; sourceTree = "<group>"; };
		637133791EF1580500C342F2 /* AppDelegate.m */ = {isa = PBXFileReference; lastKnownFileType = sourcecode.c.objc; path = AppDelegate.m; sourceTree = "<group>"; };
		6371337B1EF1580500C342F2 /* ViewController.h */ = {isa = PBXFileReference; lastKnownFileType = sourcecode.c.h; path = ViewController.h; sourceTree = "<group>"; };
		6371337C1EF1580500C342F2 /* ViewController.m */ = {isa = PBXFileReference; lastKnownFileType = sourcecode.c.objc; path = ViewController.m; sourceTree = "<group>"; };
		6371337F1EF1580500C342F2 /* Base */ = {isa = PBXFileReference; lastKnownFileType = file.storyboard; name = Base; path = Base.lproj/Main.storyboard; sourceTree = "<group>"; };
		637133811EF1580500C342F2 /* Assets.xcassets */ = {isa = PBXFileReference; lastKnownFileType = folder.assetcatalog; path = Assets.xcassets; sourceTree = "<group>"; };
		637133841EF1580500C342F2 /* Base */ = {isa = PBXFileReference; lastKnownFileType = file.storyboard; name = Base; path = Base.lproj/LaunchScreen.storyboard; sourceTree = "<group>"; };
		637133861EF1580500C342F2 /* Info.plist */ = {isa = PBXFileReference; lastKnownFileType = text.plist.xml; path = Info.plist; sourceTree = "<group>"; };
		6371338B1EF1580500C342F2 /* TestRunLoopTests.xctest */ = {isa = PBXFileReference; explicitFileType = wrapper.cfbundle; includeInIndex = 0; path = TestRunLoopTests.xctest; sourceTree = BUILT_PRODUCTS_DIR; };
		6371338F1EF1580500C342F2 /* TestRunLoopTests.m */ = {isa = PBXFileReference; lastKnownFileType = sourcecode.c.objc; path = TestRunLoopTests.m; sourceTree = "<group>"; };
		637133911EF1580500C342F2 /* Info.plist */ = {isa = PBXFileReference; lastKnownFileType = text.plist.xml; path = Info.plist; sourceTree = "<group>"; };
		637133961EF1580500C342F2 /* TestRunLoopUITests.xctest */ = {isa = PBXFileReference; explicitFileType = wrapper.cfbundle; includeInIndex = 0; path = TestRunLoopUITests.xctest; sourceTree = BUILT_PRODUCTS_DIR; };
		6371339A1EF1580500C342F2 /* TestRunLoopUITests.m */ = {isa = PBXFileReference; lastKnownFileType = sourcecode.c.objc; path = TestRunLoopUITests.m; sourceTree = "<group>"; };
		6371339C1EF1580500C342F2 /* Info.plist */ = {isa = PBXFileReference; lastKnownFileType = text.plist.xml; path = Info.plist; sourceTree = "<group>"; };
		A497C8EB75581D709273BEFE /* Pods-TestRunLoop.release.xcconfig */ = {isa = PBXFileReference; includeInIndex = 1; lastKnownFileType = text.xcconfig; name = "Pods-TestRunLoop.release.xcconfig"; path = "Pods/Target Support Files/Pods-TestRunLoop/Pods-TestRunLoop.release.xcconfig"; sourceTree = "<group>"; };
		CF77DC910B9A8C2053CB5D98 /* libPods-TestRunLoop.a */ = {isa = PBXFileReference; explicitFileType = archive.ar; includeInIndex = 0; path = "libPods-TestRunLoop.a"; sourceTree = BUILT_PRODUCTS_DIR; };
/* End PBXFileReference section */

/* Begin PBXFrameworksBuildPhase section */
		6371336F1EF1580500C342F2 /* Frameworks */ = {
			isa = PBXFrameworksBuildPhase;
			buildActionMask = 2147483647;
			files = (
				DFED51EE0A56A68A2E46DD3F /* libPods-TestRunLoop.a in Frameworks */,
			);
			runOnlyForDeploymentPostprocessing = 0;
		};
		637133881EF1580500C342F2 /* Frameworks */ = {
			isa = PBXFrameworksBuildPhase;
			buildActionMask = 2147483647;
			files = (
			);
			runOnlyForDeploymentPostprocessing = 0;
		};
		637133931EF1580500C342F2 /* Frameworks */ = {
			isa = PBXFrameworksBuildPhase;
			buildActionMask = 2147483647;
			files = (
			);
			runOnlyForDeploymentPostprocessing = 0;
		};
/* End PBXFrameworksBuildPhase section */

/* Begin PBXGroup section */
		12E7CB517E97012F584DBB39 /* Frameworks */ = {
			isa = PBXGroup;
			children = (
				CF77DC910B9A8C2053CB5D98 /* libPods-TestRunLoop.a */,
			);
			name = Frameworks;
			sourceTree = "<group>";
		};
		637133691EF1580500C342F2 = {
			isa = PBXGroup;
			children = (
				637133741EF1580500C342F2 /* TestRunLoop */,
				6371338E1EF1580500C342F2 /* TestRunLoopTests */,
				637133991EF1580500C342F2 /* TestRunLoopUITests */,
				637133731EF1580500C342F2 /* Products */,
				F3BD4C843B8A9DA19F9EB514 /* Pods */,
				12E7CB517E97012F584DBB39 /* Frameworks */,
			);
			sourceTree = "<group>";
		};
		637133731EF1580500C342F2 /* Products */ = {
			isa = PBXGroup;
			children = (
				637133721EF1580500C342F2 /* TestRunLoop.app */,
				6371338B1EF1580500C342F2 /* TestRunLoopTests.xctest */,
				637133961EF1580500C342F2 /* TestRunLoopUITests.xctest */,
			);
			name = Products;
			sourceTree = "<group>";
		};
		637133741EF1580500C342F2 /* TestRunLoop */ = {
			isa = PBXGroup;
			children = (
				637133781EF1580500C342F2 /* AppDelegate.h */,
				637133791EF1580500C342F2 /* AppDelegate.m */,
				6371337B1EF1580500C342F2 /* ViewController.h */,
				6371337C1EF1580500C342F2 /* ViewController.m */,
				6371337E1EF1580500C342F2 /* Main.storyboard */,
				637133811EF1580500C342F2 /* Assets.xcassets */,
				637133831EF1580500C342F2 /* LaunchScreen.storyboard */,
				637133861EF1580500C342F2 /* Info.plist */,
				637133751EF1580500C342F2 /* Supporting Files */,
			);
			path = TestRunLoop;
			sourceTree = "<group>";
		};
		637133751EF1580500C342F2 /* Supporting Files */ = {
			isa = PBXGroup;
			children = (
				637133761EF1580500C342F2 /* main.m */,
			);
			name = "Supporting Files";
			sourceTree = "<group>";
		};
		6371338E1EF1580500C342F2 /* TestRunLoopTests */ = {
			isa = PBXGroup;
			children = (
				6371338F1EF1580500C342F2 /* TestRunLoopTests.m */,
				637133911EF1580500C342F2 /* Info.plist */,
			);
			path = TestRunLoopTests;
			sourceTree = "<group>";
		};
		637133991EF1580500C342F2 /* TestRunLoopUITests */ = {
			isa = PBXGroup;
			children = (
				6371339A1EF1580500C342F2 /* TestRunLoopUITests.m */,
				6371339C1EF1580500C342F2 /* Info.plist */,
			);
			path = TestRunLoopUITests;
			sourceTree = "<group>";
		};
		F3BD4C843B8A9DA19F9EB514 /* Pods */ = {
			isa = PBXGroup;
			children = (
				3B697903728806AA376922D7 /* Pods-TestRunLoop.debug.xcconfig */,
				A497C8EB75581D709273BEFE /* Pods-TestRunLoop.release.xcconfig */,
			);
			name = Pods;
			sourceTree = "<group>";
		};
/* End PBXGroup section */

/* Begin PBXNativeTarget section */
		637133711EF1580500C342F2 /* TestRunLoop */ = {
			isa = PBXNativeTarget;
			buildConfigurationList = 6371339F1EF1580500C342F2 /* Build configuration list for PBXNativeTarget "TestRunLoop" */;
			buildPhases = (
				9DA732C8323F79B94CBEB3F7 /* [CP] Check Pods Manifest.lock */,
				6371336E1EF1580500C342F2 /* Sources */,
				6371336F1EF1580500C342F2 /* Frameworks */,
				637133701EF1580500C342F2 /* Resources */,
				DE0CB5580F321880FD5B2CB5 /* [CP] Embed Pods Frameworks */,
				49E7B61E5131A8FBDDCB7492 /* [CP] Copy Pods Resources */,
			);
			buildRules = (
			);
			dependencies = (
			);
			name = TestRunLoop;
			productName = TestRunLoop;
			productReference = 637133721EF1580500C342F2 /* TestRunLoop.app */;
			productType = "com.apple.product-type.application";
		};
		6371338A1EF1580500C342F2 /* TestRunLoopTests */ = {
			isa = PBXNativeTarget;
			buildConfigurationList = 637133A21EF1580500C342F2 /* Build configuration list for PBXNativeTarget "TestRunLoopTests" */;
			buildPhases = (
				637133871EF1580500C342F2 /* Sources */,
				637133881EF1580500C342F2 /* Frameworks */,
				637133891EF1580500C342F2 /* Resources */,
			);
			buildRules = (
			);
			dependencies = (
				6371338D1EF1580500C342F2 /* PBXTargetDependency */,
			);
			name = TestRunLoopTests;
			productName = TestRunLoopTests;
			productReference = 6371338B1EF1580500C342F2 /* TestRunLoopTests.xctest */;
			productType = "com.apple.product-type.bundle.unit-test";
		};
		637133951EF1580500C342F2 /* TestRunLoopUITests */ = {
			isa = PBXNativeTarget;
			buildConfigurationList = 637133A51EF1580500C342F2 /* Build configuration list for PBXNativeTarget "TestRunLoopUITests" */;
			buildPhases = (
				637133921EF1580500C342F2 /* Sources */,
				637133931EF1580500C342F2 /* Frameworks */,
				637133941EF1580500C342F2 /* Resources */,
			);
			buildRules = (
			);
			dependencies = (
				637133981EF1580500C342F2 /* PBXTargetDependency */,
			);
			name = TestRunLoopUITests;
			productName = TestRunLoopUITests;
			productReference = 637133961EF1580500C342F2 /* TestRunLoopUITests.xctest */;
			productType = "com.apple.product-type.bundle.ui-testing";
		};
/* End PBXNativeTarget section */

/* Begin PBXProject section */
		6371336A1EF1580500C342F2 /* Project object */ = {
			isa = PBXProject;
			attributes = {
				LastUpgradeCheck = 0830;
				ORGANIZATIONNAME = Jinxin_Fan;
				TargetAttributes = {
					637133711EF1580500C342F2 = {
						CreatedOnToolsVersion = 8.3.2;
						DevelopmentTeam = UECH3VPJ68;
						ProvisioningStyle = Automatic;
					};
					6371338A1EF1580500C342F2 = {
						CreatedOnToolsVersion = 8.3.2;
						DevelopmentTeam = UECH3VPJ68;
						ProvisioningStyle = Automatic;
						TestTargetID = 637133711EF1580500C342F2;
					};
					637133951EF1580500C342F2 = {
						CreatedOnToolsVersion = 8.3.2;
						DevelopmentTeam = UECH3VPJ68;
						ProvisioningStyle = Automatic;
						TestTargetID = 637133711EF1580500C342F2;
					};
				};
			};
			buildConfigurationList = 6371336D1EF1580500C342F2 /* Build configuration list for PBXProject "TestRunLoop" */;
			compatibilityVersion = "Xcode 3.2";
			developmentRegion = English;
			hasScannedForEncodings = 0;
			knownRegions = (
				en,
				Base,
			);
			mainGroup = 637133691EF1580500C342F2;
			productRefGroup = 637133731EF1580500C342F2 /* Products */;
			projectDirPath = "";
			projectRoot = "";
			targets = (
				637133711EF1580500C342F2 /* TestRunLoop */,
				6371338A1EF1580500C342F2 /* TestRunLoopTests */,
				637133951EF1580500C342F2 /* TestRunLoopUITests */,
			);
		};
/* End PBXProject section */

/* Begin PBXResourcesBuildPhase section */
		637133701EF1580500C342F2 /* Resources */ = {
			isa = PBXResourcesBuildPhase;
			buildActionMask = 2147483647;
			files = (
				637133851EF1580500C342F2 /* LaunchScreen.storyboard in Resources */,
				637133821EF1580500C342F2 /* Assets.xcassets in Resources */,
				637133801EF1580500C342F2 /* Main.storyboard in Resources */,
			);
			runOnlyForDeploymentPostprocessing = 0;
		};
		637133891EF1580500C342F2 /* Resources */ = {
			isa = PBXResourcesBuildPhase;
			buildActionMask = 2147483647;
			files = (
			);
			runOnlyForDeploymentPostprocessing = 0;
		};
		637133941EF1580500C342F2 /* Resources */ = {
			isa = PBXResourcesBuildPhase;
			buildActionMask = 2147483647;
			files = (
			);
			runOnlyForDeploymentPostprocessing = 0;
		};
/* End PBXResourcesBuildPhase section */

/* Begin PBXShellScriptBuildPhase section */
		49E7B61E5131A8FBDDCB7492 /* [CP] Copy Pods Resources */ = {
			isa = PBXShellScriptBuildPhase;
			buildActionMask = 2147483647;
			files = (
			);
			inputPaths = (
			);
			name = "[CP] Copy Pods Resources";
			outputPaths = (
			);
			runOnlyForDeploymentPostprocessing = 0;
			shellPath = /bin/sh;
			shellScript = "\"${SRCROOT}/Pods/Target Support Files/Pods-TestRunLoop/Pods-TestRunLoop-resources.sh\"\n";
			showEnvVarsInLog = 0;
		};
		9DA732C8323F79B94CBEB3F7 /* [CP] Check Pods Manifest.lock */ = {
			isa = PBXShellScriptBuildPhase;
			buildActionMask = 2147483647;
			files = (
			);
			inputPaths = (
			);
			name = "[CP] Check Pods Manifest.lock";
			outputPaths = (
			);
			runOnlyForDeploymentPostprocessing = 0;
			shellPath = /bin/sh;
			shellScript = "diff \"${PODS_PODFILE_DIR_PATH}/Podfile.lock\" \"${PODS_ROOT}/Manifest.lock\" > /dev/null\nif [ $? != 0 ] ; then\n    # print error to STDERR\n    echo \"error: The sandbox is not in sync with the Podfile.lock. Run 'pod install' or update your CocoaPods installation.\" >&2\n    exit 1\nfi\n";
			showEnvVarsInLog = 0;
		};
		DE0CB5580F321880FD5B2CB5 /* [CP] Embed Pods Frameworks */ = {
			isa = PBXShellScriptBuildPhase;
			buildActionMask = 2147483647;
			files = (
			);
			inputPaths = (
			);
			name = "[CP] Embed Pods Frameworks";
			outputPaths = (
			);
			runOnlyForDeploymentPostprocessing = 0;
			shellPath = /bin/sh;
			shellScript = "\"${SRCROOT}/Pods/Target Support Files/Pods-TestRunLoop/Pods-TestRunLoop-frameworks.sh\"\n";
			showEnvVarsInLog = 0;
		};
/* End PBXShellScriptBuildPhase section */

/* Begin PBXSourcesBuildPhase section */
		6371336E1EF1580500C342F2 /* Sources */ = {
			isa = PBXSourcesBuildPhase;
			buildActionMask = 2147483647;
			files = (
				6371337D1EF1580500C342F2 /* ViewController.m in Sources */,
				6371337A1EF1580500C342F2 /* AppDelegate.m in Sources */,
				637133771EF1580500C342F2 /* main.m in Sources */,
			);
			runOnlyForDeploymentPostprocessing = 0;
		};
		637133871EF1580500C342F2 /* Sources */ = {
			isa = PBXSourcesBuildPhase;
			buildActionMask = 2147483647;
			files = (
				637133901EF1580500C342F2 /* TestRunLoopTests.m in Sources */,
			);
			runOnlyForDeploymentPostprocessing = 0;
		};
		637133921EF1580500C342F2 /* Sources */ = {
			isa = PBXSourcesBuildPhase;
			buildActionMask = 2147483647;
			files = (
				6371339B1EF1580500C342F2 /* TestRunLoopUITests.m in Sources */,
			);
			runOnlyForDeploymentPostprocessing = 0;
		};
/* End PBXSourcesBuildPhase section */

/* Begin PBXTargetDependency section */
		6371338D1EF1580500C342F2 /* PBXTargetDependency */ = {
			isa = PBXTargetDependency;
			target = 637133711EF1580500C342F2 /* TestRunLoop */;
			targetProxy = 6371338C1EF1580500C342F2 /* PBXContainerItemProxy */;
		};
		637133981EF1580500C342F2 /* PBXTargetDependency */ = {
			isa = PBXTargetDependency;
			target = 637133711EF1580500C342F2 /* TestRunLoop */;
			targetProxy = 637133971EF1580500C342F2 /* PBXContainerItemProxy */;
		};
/* End PBXTargetDependency section */

/* Begin PBXVariantGroup section */
		6371337E1EF1580500C342F2 /* Main.storyboard */ = {
			isa = PBXVariantGroup;
			children = (
				6371337F1EF1580500C342F2 /* Base */,
			);
			name = Main.storyboard;
			sourceTree = "<group>";
		};
		637133831EF1580500C342F2 /* LaunchScreen.storyboard */ = {
			isa = PBXVariantGroup;
			children = (
				637133841EF1580500C342F2 /* Base */,
			);
			name = LaunchScreen.storyboard;
			sourceTree = "<group>";
		};
/* End PBXVariantGroup section */

/* Begin XCBuildConfiguration section */
		6371339D1EF1580500C342F2 /* Debug */ = {
			isa = XCBuildConfiguration;
			buildSettings = {
				ALWAYS_SEARCH_USER_PATHS = NO;
				CLANG_ANALYZER_NONNULL = YES;
				CLANG_ANALYZER_NUMBER_OBJECT_CONVERSION = YES_AGGRESSIVE;
				CLANG_CXX_LANGUAGE_STANDARD = "gnu++0x";
				CLANG_CXX_LIBRARY = "libc++";
				CLANG_ENABLE_MODULES = YES;
				CLANG_ENABLE_OBJC_ARC = YES;
				CLANG_WARN_BOOL_CONVERSION = YES;
				CLANG_WARN_CONSTANT_CONVERSION = YES;
				CLANG_WARN_DIRECT_OBJC_ISA_USAGE = YES_ERROR;
				CLANG_WARN_DOCUMENTATION_COMMENTS = YES;
				CLANG_WARN_EMPTY_BODY = YES;
				CLANG_WARN_ENUM_CONVERSION = YES;
				CLANG_WARN_INFINITE_RECURSION = YES;
				CLANG_WARN_INT_CONVERSION = YES;
				CLANG_WARN_OBJC_ROOT_CLASS = YES_ERROR;
				CLANG_WARN_SUSPICIOUS_MOVE = YES;
				CLANG_WARN_UNREACHABLE_CODE = YES;
				CLANG_WARN__DUPLICATE_METHOD_MATCH = YES;
				"CODE_SIGN_IDENTITY[sdk=iphoneos*]" = "iPhone Developer";
				COPY_PHASE_STRIP = NO;
				DEBUG_INFORMATION_FORMAT = dwarf;
				ENABLE_STRICT_OBJC_MSGSEND = YES;
				ENABLE_TESTABILITY = YES;
				GCC_C_LANGUAGE_STANDARD = gnu99;
				GCC_DYNAMIC_NO_PIC = NO;
				GCC_NO_COMMON_BLOCKS = YES;
				GCC_OPTIMIZATION_LEVEL = 0;
				GCC_PREPROCESSOR_DEFINITIONS = (
					"DEBUG=1",
					"$(inherited)",
				);
				GCC_WARN_64_TO_32_BIT_CONVERSION = YES;
				GCC_WARN_ABOUT_RETURN_TYPE = YES_ERROR;
				GCC_WARN_UNDECLARED_SELECTOR = YES;
				GCC_WARN_UNINITIALIZED_AUTOS = YES_AGGRESSIVE;
				GCC_WARN_UNUSED_FUNCTION = YES;
				GCC_WARN_UNUSED_VARIABLE = YES;
				IPHONEOS_DEPLOYMENT_TARGET = 10.3;
				MTL_ENABLE_DEBUG_INFO = YES;
				ONLY_ACTIVE_ARCH = YES;
				SDKROOT = iphoneos;
				TARGETED_DEVICE_FAMILY = "1,2";
			};
			name = Debug;
		};
		6371339E1EF1580500C342F2 /* Release */ = {
			isa = XCBuildConfiguration;
			buildSettings = {
				ALWAYS_SEARCH_USER_PATHS = NO;
				CLANG_ANALYZER_NONNULL = YES;
				CLANG_ANALYZER_NUMBER_OBJECT_CONVERSION = YES_AGGRESSIVE;
				CLANG_CXX_LANGUAGE_STANDARD = "gnu++0x";
				CLANG_CXX_LIBRARY = "libc++";
				CLANG_ENABLE_MODULES = YES;
				CLANG_ENABLE_OBJC_ARC = YES;
				CLANG_WARN_BOOL_CONVERSION = YES;
				CLANG_WARN_CONSTANT_CONVERSION = YES;
				CLANG_WARN_DIRECT_OBJC_ISA_USAGE = YES_ERROR;
				CLANG_WARN_DOCUMENTATION_COMMENTS = YES;
				CLANG_WARN_EMPTY_BODY = YES;
				CLANG_WARN_ENUM_CONVERSION = YES;
				CLANG_WARN_INFINITE_RECURSION = YES;
				CLANG_WARN_INT_CONVERSION = YES;
				CLANG_WARN_OBJC_ROOT_CLASS = YES_ERROR;
				CLANG_WARN_SUSPICIOUS_MOVE = YES;
				CLANG_WARN_UNREACHABLE_CODE = YES;
				CLANG_WARN__DUPLICATE_METHOD_MATCH = YES;
				"CODE_SIGN_IDENTITY[sdk=iphoneos*]" = "iPhone Developer";
				COPY_PHASE_STRIP = NO;
				DEBUG_INFORMATION_FORMAT = "dwarf-with-dsym";
				ENABLE_NS_ASSERTIONS = NO;
				ENABLE_STRICT_OBJC_MSGSEND = YES;
				GCC_C_LANGUAGE_STANDARD = gnu99;
				GCC_NO_COMMON_BLOCKS = YES;
				GCC_WARN_64_TO_32_BIT_CONVERSION = YES;
				GCC_WARN_ABOUT_RETURN_TYPE = YES_ERROR;
				GCC_WARN_UNDECLARED_SELECTOR = YES;
				GCC_WARN_UNINITIALIZED_AUTOS = YES_AGGRESSIVE;
				GCC_WARN_UNUSED_FUNCTION = YES;
				GCC_WARN_UNUSED_VARIABLE = YES;
				IPHONEOS_DEPLOYMENT_TARGET = 10.3;
				MTL_ENABLE_DEBUG_INFO = NO;
				SDKROOT = iphoneos;
				TARGETED_DEVICE_FAMILY = "1,2";
				VALIDATE_PRODUCT = YES;
			};
			name = Release;
		};
		637133A01EF1580500C342F2 /* Debug */ = {
			isa = XCBuildConfiguration;
			baseConfigurationReference = 3B697903728806AA376922D7 /* Pods-TestRunLoop.debug.xcconfig */;
			buildSettings = {
				ASSETCATALOG_COMPILER_APPICON_NAME = AppIcon;
				DEVELOPMENT_TEAM = UECH3VPJ68;
				INFOPLIST_FILE = TestRunLoop/Info.plist;
				IPHONEOS_DEPLOYMENT_TARGET = 8.0;
				LD_RUNPATH_SEARCH_PATHS = "$(inherited) @executable_path/Frameworks";
				PRODUCT_BUNDLE_IDENTIFIER = test.TestRunLoop;
				PRODUCT_NAME = "$(TARGET_NAME)";
			};
			name = Debug;
		};
		637133A11EF1580500C342F2 /* Release */ = {
			isa = XCBuildConfiguration;
			baseConfigurationReference = A497C8EB75581D709273BEFE /* Pods-TestRunLoop.release.xcconfig */;
			buildSettings = {
				ASSETCATALOG_COMPILER_APPICON_NAME = AppIcon;
				DEVELOPMENT_TEAM = UECH3VPJ68;
				INFOPLIST_FILE = TestRunLoop/Info.plist;
				IPHONEOS_DEPLOYMENT_TARGET = 8.0;
				LD_RUNPATH_SEARCH_PATHS = "$(inherited) @executable_path/Frameworks";
				PRODUCT_BUNDLE_IDENTIFIER = test.TestRunLoop;
				PRODUCT_NAME = "$(TARGET_NAME)";
			};
			name = Release;
		};
		637133A31EF1580500C342F2 /* Debug */ = {
			isa = XCBuildConfiguration;
			buildSettings = {
				BUNDLE_LOADER = "$(TEST_HOST)";
				DEVELOPMENT_TEAM = UECH3VPJ68;
				INFOPLIST_FILE = TestRunLoopTests/Info.plist;
				LD_RUNPATH_SEARCH_PATHS = "$(inherited) @executable_path/Frameworks @loader_path/Frameworks";
				PRODUCT_BUNDLE_IDENTIFIER = test.TestRunLoopTests;
				PRODUCT_NAME = "$(TARGET_NAME)";
				TEST_HOST = "$(BUILT_PRODUCTS_DIR)/TestRunLoop.app/TestRunLoop";
			};
			name = Debug;
		};
		637133A41EF1580500C342F2 /* Release */ = {
			isa = XCBuildConfiguration;
			buildSettings = {
				BUNDLE_LOADER = "$(TEST_HOST)";
				DEVELOPMENT_TEAM = UECH3VPJ68;
				INFOPLIST_FILE = TestRunLoopTests/Info.plist;
				LD_RUNPATH_SEARCH_PATHS = "$(inherited) @executable_path/Frameworks @loader_path/Frameworks";
				PRODUCT_BUNDLE_IDENTIFIER = test.TestRunLoopTests;
				PRODUCT_NAME = "$(TARGET_NAME)";
				TEST_HOST = "$(BUILT_PRODUCTS_DIR)/TestRunLoop.app/TestRunLoop";
			};
			name = Release;
		};
		637133A61EF1580500C342F2 /* Debug */ = {
			isa = XCBuildConfiguration;
			buildSettings = {
				DEVELOPMENT_TEAM = UECH3VPJ68;
				INFOPLIST_FILE = TestRunLoopUITests/Info.plist;
				LD_RUNPATH_SEARCH_PATHS = "$(inherited) @executable_path/Frameworks @loader_path/Frameworks";
				PRODUCT_BUNDLE_IDENTIFIER = test.TestRunLoopUITests;
				PRODUCT_NAME = "$(TARGET_NAME)";
				TEST_TARGET_NAME = TestRunLoop;
			};
			name = Debug;
		};
		637133A71EF1580500C342F2 /* Release */ = {
			isa = XCBuildConfiguration;
			buildSettings = {
				DEVELOPMENT_TEAM = UECH3VPJ68;
				INFOPLIST_FILE = TestRunLoopUITests/Info.plist;
				LD_RUNPATH_SEARCH_PATHS = "$(inherited) @executable_path/Frameworks @loader_path/Frameworks";
				PRODUCT_BUNDLE_IDENTIFIER = test.TestRunLoopUITests;
				PRODUCT_NAME = "$(TARGET_NAME)";
				TEST_TARGET_NAME = TestRunLoop;
			};
			name = Release;
		};
/* End XCBuildConfiguration section */

/* Begin XCConfigurationList section */
		6371336D1EF1580500C342F2 /* Build configuration list for PBXProject "TestRunLoop" */ = {
			isa = XCConfigurationList;
			buildConfigurations = (
				6371339D1EF1580500C342F2 /* Debug */,
				6371339E1EF1580500C342F2 /* Release */,
			);
			defaultConfigurationIsVisible = 0;
			defaultConfigurationName = Release;
		};
		6371339F1EF1580500C342F2 /* Build configuration list for PBXNativeTarget "TestRunLoop" */ = {
			isa = XCConfigurationList;
			buildConfigurations = (
				637133A01EF1580500C342F2 /* Debug */,
				637133A11EF1580500C342F2 /* Release */,
			);
			defaultConfigurationIsVisible = 0;
			defaultConfigurationName = Release;
		};
		637133A21EF1580500C342F2 /* Build configuration list for PBXNativeTarget "TestRunLoopTests" */ = {
			isa = XCConfigurationList;
			buildConfigurations = (
				637133A31EF1580500C342F2 /* Debug */,
				637133A41EF1580500C342F2 /* Release */,
			);
			defaultConfigurationIsVisible = 0;
			defaultConfigurationName = Release;
		};
		637133A51EF1580500C342F2 /* Build configuration list for PBXNativeTarget "TestRunLoopUITests" */ = {
			isa = XCConfigurationList;
			buildConfigurations = (
				637133A61EF1580500C342F2 /* Debug */,
				637133A71EF1580500C342F2 /* Release */,
			);
			defaultConfigurationIsVisible = 0;
			defaultConfigurationName = Release;
		};
/* End XCConfigurationList section */
	};
	rootObject = 6371336A1EF1580500C342F2 /* Project object */;
}
